akshare==1.18.83
beautifulsoup4==4.15.0
camelot-py==1.0.9
certifi==2026.7.22
cffi==2.1.1
chardet==7.5.1
charset-normalizer==3.4.9
click==8.4.2
cryptography==50.0.0
curl_cffi==0.16.0
decorator==5.3.1
et_xmlfile==2.0.0
html5lib==1.1
idna==3.18
jsonpath==0.82.2
lxml==6.1.1
mini-racer==0.14.1
multitasking==0.0.13
numpy==2.2.6
opencv-python-headless==4.12.0.88
openpyxl==3.1.5
pandas==2.3.2
pdfminer.six==20250506
pdfplumber==0.11.7
pillow==12.3.0
platformdirs==4.4.0
peewee==3.19.0
protobuf==6.33.6
pycparser==3.0
pypdf==5.9.0
pypdfium2==5.12.1
python-dateutil==2.9.0.post0
pytz==2026.3.post1
requests==2.34.2
six==1.17.0
soupsieve==2.9.2
tabulate==0.10.0
tqdm==4.70.0
typing_extensions==4.16.0
tzdata==2026.3
urllib3==2.7.0
webencodings==0.5.1
websockets==15.0.1
xlrd==2.0.2
yfinance==1.5.2
